
Microsoft Visual Studio Solution File, Format Version 12.00
# Visual Studio 15
VisualStudioVersion = 15.0.27130.2027
MinimumVisualStudioVersion = 10.0.40219.1
Project("{FAE04EC0-301F-11D3-BF4B-00C04F79EFBC}") = "1.ClassesAndStructures", "1.ClassesAndStructures\1.ClassesAndStructures.csproj", "{02E39707-F258-4086-83BA-6616370CCBEB}"
EndProject
Project("{FAE04EC0-301F-11D3-BF4B-00C04F79EFBC}") = "2.PropertiesAndFields", "2.PropertiesAndFields\2.PropertiesAndFields.csproj", "{4F27EF00-BBB6-4FEF-BBDB-6F81818A4632}"
EndProject
Project("{FAE04EC0-301F-11D3-BF4B-00C04F79EFBC}") = "3.Methods", "3.Methods\3.Methods.csproj", "{352A602A-EB76-474C-8947-3E97E659EE8E}"
EndProject
Project("{FAE04EC0-301F-11D3-BF4B-00C04F79EFBC}") = "4.Constructors", "4.Constructors\4.Constructors.csproj", "{FF490169-8C78-4B12-A68F-01C0C6DA531E}"
EndProject
Project("{FAE04EC0-301F-11D3-BF4B-00C04F79EFBC}") = "5.Finalizers", "5.Finalizers\5.Finalizers.csproj", "{B2688CD5-31B0-46EE-B0AA-10A9A169C4CD}"
EndProject
Global
	GlobalSection(SolutionConfigurationPlatforms) = preSolution
		Debug|Any CPU = Debug|Any CPU
		Release|Any CPU = Release|Any CPU
	EndGlobalSection
	GlobalSection(ProjectConfigurationPlatforms) = postSolution
		{02E39707-F258-4086-83BA-6616370CCBEB}.Debug|Any CPU.ActiveCfg = Debug|Any CPU
		{02E39707-F258-4086-83BA-6616370CCBEB}.Debug|Any CPU.Build.0 = Debug|Any CPU
		{02E39707-F258-4086-83BA-6616370CCBEB}.Release|Any CPU.ActiveCfg = Release|Any CPU
		{02E39707-F258-4086-83BA-6616370CCBEB}.Release|Any CPU.Build.0 = Release|Any CPU
		{4F27EF00-BBB6-4FEF-BBDB-6F81818A4632}.Debug|Any CPU.ActiveCfg = Debug|Any CPU
		{4F27EF00-BBB6-4FEF-BBDB-6F81818A4632}.Debug|Any CPU.Build.0 = Debug|Any CPU
		{4F27EF00-BBB6-4FEF-BBDB-6F81818A4632}.Release|Any CPU.ActiveCfg = Release|Any CPU
		{4F27EF00-BBB6-4FEF-BBDB-6F81818A4632}.Release|Any CPU.Build.0 = Release|Any CPU
		{352A602A-EB76-474C-8947-3E97E659EE8E}.Debug|Any CPU.ActiveCfg = Debug|Any CPU
		{352A602A-EB76-474C-8947-3E97E659EE8E}.Debug|Any CPU.Build.0 = Debug|Any CPU
		{352A602A-EB76-474C-8947-3E97E659EE8E}.Release|Any CPU.ActiveCfg = Release|Any CPU
		{352A602A-EB76-474C-8947-3E97E659EE8E}.Release|Any CPU.Build.0 = Release|Any CPU
		{FF490169-8C78-4B12-A68F-01C0C6DA531E}.Debug|Any CPU.ActiveCfg = Debug|Any CPU
		{FF490169-8C78-4B12-A68F-01C0C6DA531E}.Debug|Any CPU.Build.0 = Debug|Any CPU
		{FF490169-8C78-4B12-A68F-01C0C6DA531E}.Release|Any CPU.ActiveCfg = Release|Any CPU
		{FF490169-8C78-4B12-A68F-01C0C6DA531E}.Release|Any CPU.Build.0 = Release|Any CPU
		{B2688CD5-31B0-46EE-B0AA-10A9A169C4CD}.Debug|Any CPU.ActiveCfg = Debug|Any CPU
		{B2688CD5-31B0-46EE-B0AA-10A9A169C4CD}.Debug|Any CPU.Build.0 = Debug|Any CPU
		{B2688CD5-31B0-46EE-B0AA-10A9A169C4CD}.Release|Any CPU.ActiveCfg = Release|Any CPU
		{B2688CD5-31B0-46EE-B0AA-10A9A169C4CD}.Release|Any CPU.Build.0 = Release|Any CPU
	EndGlobalSection
	GlobalSection(SolutionProperties) = preSolution
		HideSolutionNode = FALSE
	EndGlobalSection
	GlobalSection(ExtensibilityGlobals) = postSolution
		SolutionGuid = {25951906-0231-4D25-86BE-4A97B5B0840F}
	EndGlobalSection
EndGlobal
